// !$*UTF8*$!
{
	archiveVersion = 1;
	classes = {
	};
	objectVersion = 46;
	objects = {

/* Begin PBXBuildFile section */
		102A876A1A1BEE5E00AD3D17 /* AppDelegate.swift in Sources */ = {isa = PBXBuildFile; fileRef = 102A87691A1BEE5E00AD3D17 /* AppDelegate.swift */; };
		102A876C1A1BEE5E00AD3D17 /* ViewController.swift in Sources */ = {isa = PBXBuildFile; fileRef = 102A876B1A1BEE5E00AD3D17 /* ViewController.swift */; };
		102A876F1A1BEE5E00AD3D17 /* Main.storyboard in Resources */ = {isa = PBXBuildFile; fileRef = 102A876D1A1BEE5E00AD3D17 /* Main.storyboard */; };
		102A87711A1BEE5E00AD3D17 /* Images.xcassets in Resources */ = {isa = PBXBuildFile; fileRef = 102A87701A1BEE5E00AD3D17 /* Images.xcassets */; };
		102A87741A1BEE5E00AD3D17 /* LaunchScreen.xib in Resources */ = {isa = PBXBuildFile; fileRef = 102A87721A1BEE5E00AD3D17 /* LaunchScreen.xib */; };
		102A87801A1BEE5E00AD3D17 /* HelloWorldiPhoneTests.swift in Sources */ = {isa = PBXBuildFile; fileRef = 102A877F1A1BEE5E00AD3D17 /* HelloWorldiPhoneTests.swift */; };
/* End PBXBuildFile section */

/* Begin PBXContainerItemProxy section */
		102A877A1A1BEE5E00AD3D17 /* PBXContainerItemProxy */ = {
			isa = PBXContainerItemProxy;
			containerPortal = 102A875C1A1BEE5E00AD3D17 /* Project object */;
			proxyType = 1;
			remoteGlobalIDString = 102A87631A1BEE5E00AD3D17;
			remoteInfo = HelloWorldiPhone;
		};
/* End PBXContainerItemProxy section */

/* Begin PBXFileReference section */
		102A87641A1BEE5E00AD3D17 /* HelloWorldiPhone.app */ = {isa = PBXFileReference; explicitFileType = wrapper.application; includeInIndex = 0; path = HelloWorldiPhone.app; sourceTree = BUILT_PRODUCTS_DIR; };
		102A87681A1BEE5E00AD3D17 /* Info.plist */ = {isa = PBXFileReference; lastKnownFileType = text.plist.xml; path = Info.plist; sourceTree = "<group>"; };
		102A87691A1BEE5E00AD3D17 /* AppDelegate.swift */ = {isa = PBXFileReference; lastKnownFileType = sourcecode.swift; path = AppDelegate.swift; sourceTree = "<group>"; };
		102A876B1A1BEE5E00AD3D17 /* ViewController.swift */ = {isa = PBXFileReference; lastKnownFileType = sourcecode.swift; path = ViewController.swift; sourceTree = "<group>"; };
		102A876E1A1BEE5E00AD3D17 /* Base */ = {isa = PBXFileReference; lastKnownFileType = file.storyboard; name = Base; path = Base.lproj/Main.storyboard; sourceTree = "<group>"; };
		102A87701A1BEE5E00AD3D17 /* Images.xcassets */ = {isa = PBXFileReference; lastKnownFileType = folder.assetcatalog; path = Images.xcassets; sourceTree = "<group>"; };
		102A87731A1BEE5E00AD3D17 /* Base */ = {isa = PBXFileReference; lastKnownFileType = file.xib; name = Base; path = Base.lproj/LaunchScreen.xib; sourceTree = "<group>"; };
		102A87791A1BEE5E00AD3D17 /* HelloWorldiPhoneTests.xctest */ = {isa = PBXFileReference; explicitFileType = wrapper.cfbundle; includeInIndex = 0; path = HelloWorldiPhoneTests.xctest; sourceTree = BUILT_PRODUCTS_DIR; };
		102A877E1A1BEE5E00AD3D17 /* Info.plist */ = {isa = PBXFileReference; lastKnownFileType = text.plist.xml; path = Info.plist; sourceTree = "<group>"; };
		102A877F1A1BEE5E00AD3D17 /* HelloWorldiPhoneTests.swift */ = {isa = PBXFileReference; lastKnownFileType = sourcecode.swift; path = HelloWorldiPhoneTests.swift; sourceTree = "<group>"; };
/* End PBXFileReference section */

/* Begin PBXFrameworksBuildPhase section */
		102A87611A1BEE5E00AD3D17 /* Frameworks */ = {
			isa = PBXFrameworksBuildPhase;
			buildActionMask = 2147483647;
			files = (
			);
			runOnlyForDeploymentPostprocessing = 0;
		};
		102A87761A1BEE5E00AD3D17 /* Frameworks */ = {
			isa = PBXFrameworksBuildPhase;
			buildActionMask = 2147483647;
			files = (
			);
			runOnlyForDeploymentPostprocessing = 0;
		};
/* End PBXFrameworksBuildPhase section */

/* Begin PBXGroup section */
		102A875B1A1BEE5E00AD3D17 = {
			isa = PBXGroup;
			children = (
				102A87661A1BEE5E00AD3D17 /* HelloWorldiPhone */,
				102A877C1A1BEE5E00AD3D17 /* HelloWorldiPhoneTests */,
				102A87651A1BEE5E00AD3D17 /* Products */,
			);
			sourceTree = "<group>";
		};
		102A87651A1BEE5E00AD3D17 /* Products */ = {
			isa = PBXGroup;
			children = (
				102A87641A1BEE5E00AD3D17 /* HelloWorldiPhone.app */,
				102A87791A1BEE5E00AD3D17 /* HelloWorldiPhoneTests.xctest */,
			);
			name = Products;
			sourceTree = "<group>";
		};
		102A87661A1BEE5E00AD3D17 /* HelloWorldiPhone */ = {
			isa = PBXGroup;
			children = (
				102A87691A1BEE5E00AD3D17 /* AppDelegate.swift */,
				102A876B1A1BEE5E00AD3D17 /* ViewController.swift */,
				102A876D1A1BEE5E00AD3D17 /* Main.storyboard */,
				102A87701A1BEE5E00AD3D17 /* Images.xcassets */,
				102A87721A1BEE5E00AD3D17 /* LaunchScreen.xib */,
				102A87671A1BEE5E00AD3D17 /* Supporting Files */,
			);
			path = HelloWorldiPhone;
			sourceTree = "<group>";
		};
		102A87671A1BEE5E00AD3D17 /* Supporting Files */ = {
			isa = PBXGroup;
			children = (
				102A87681A1BEE5E00AD3D17 /* Info.plist */,
			);
			name = "Supporting Files";
			sourceTree = "<group>";
		};
		102A877C1A1BEE5E00AD3D17 /* HelloWorldiPhoneTests */ = {
			isa = PBXGroup;
			children = (
				102A877F1A1BEE5E00AD3D17 /* HelloWorldiPhoneTests.swift */,
				102A877D1A1BEE5E00AD3D17 /* Supporting Files */,
			);
			path = HelloWorldiPhoneTests;
			sourceTree = "<group>";
		};
		102A877D1A1BEE5E00AD3D17 /* Supporting Files */ = {
			isa = PBXGroup;
			children = (
				102A877E1A1BEE5E00AD3D17 /* Info.plist */,
			);
			name = "Supporting Files";
			sourceTree = "<group>";
		};
/* End PBXGroup section */

/* Begin PBXNativeTarget section */
		102A87631A1BEE5E00AD3D17 /* HelloWorldiPhone */ = {
			isa = PBXNativeTarget;
			buildConfigurationList = 102A87831A1BEE5E00AD3D17 /* Build configuration list for PBXNativeTarget "HelloWorldiPhone" */;
			buildPhases = (
				102A87601A1BEE5E00AD3D17 /* Sources */,
				102A87611A1BEE5E00AD3D17 /* Frameworks */,
				102A87621A1BEE5E00AD3D17 /* Resources */,
			);
			buildRules = (
			);
			dependencies = (
			);
			name = HelloWorldiPhone;
			productName = HelloWorldiPhone;
			productReference = 102A87641A1BEE5E00AD3D17 /* HelloWorldiPhone.app */;
			productType = "com.apple.product-type.application";
		};
		102A87781A1BEE5E00AD3D17 /* HelloWorldiPhoneTests */ = {
			isa = PBXNativeTarget;
			buildConfigurationList = 102A87861A1BEE5E00AD3D17 /* Build configuration list for PBXNativeTarget "HelloWorldiPhoneTests" */;
			buildPhases = (
				102A87751A1BEE5E00AD3D17 /* Sources */,
				102A87761A1BEE5E00AD3D17 /* Frameworks */,
				102A87771A1BEE5E00AD3D17 /* Resources */,
			);
			buildRules = (
			);
			dependencies = (
				102A877B1A1BEE5E00AD3D17 /* PBXTargetDependency */,
			);
			name = HelloWorldiPhoneTests;
			productName = HelloWorldiPhoneTests;
			productReference = 102A87791A1BEE5E00AD3D17 /* HelloWorldiPhoneTests.xctest */;
			productType = "com.apple.product-type.bundle.unit-test";
		};
/* End PBXNativeTarget section */

/* Begin PBXProject section */
		102A875C1A1BEE5E00AD3D17 /* Project object */ = {
			isa = PBXProject;
			attributes = {
				LastUpgradeCheck = 0610;
				ORGANIZATIONNAME = "Kenan Pulak";
				TargetAttributes = {
					102A87631A1BEE5E00AD3D17 = {
						CreatedOnToolsVersion = 6.1;
					};
					102A87781A1BEE5E00AD3D17 = {
						CreatedOnToolsVersion = 6.1;
						TestTargetID = 102A87631A1BEE5E00AD3D17;
					};
				};
			};
			buildConfigurationList = 102A875F1A1BEE5E00AD3D17 /* Build configuration list for PBXProject "HelloWorldiPhone" */;
			compatibilityVersion = "Xcode 3.2";
			developmentRegion = English;
			hasScannedForEncodings = 0;
			knownRegions = (
				en,
				Base,
			);
			mainGroup = 102A875B1A1BEE5E00AD3D17;
			productRefGroup = 102A87651A1BEE5E00AD3D17 /* Products */;
			projectDirPath = "";
			projectRoot = "";
			targets = (
				102A87631A1BEE5E00AD3D17 /* HelloWorldiPhone */,
				102A87781A1BEE5E00AD3D17 /* HelloWorldiPhoneTests */,
			);
		};
/* End PBXProject section */

/* Begin PBXResourcesBuildPhase section */
		102A87621A1BEE5E00AD3D17 /* Resources */ = {
			isa = PBXResourcesBuildPhase;
			buildActionMask = 2147483647;
			files = (
				102A876F1A1BEE5E00AD3D17 /* Main.storyboard in Resources */,
				102A87741A1BEE5E00AD3D17 /* LaunchScreen.xib in Resources */,
				102A87711A1BEE5E00AD3D17 /* Images.xcassets in Resources */,
			);
			runOnlyForDeploymentPostprocessing = 0;
		};
		102A87771A1BEE5E00AD3D17 /* Resources */ = {
			isa = PBXResourcesBuildPhase;
			buildActionMask = 2147483647;
			files = (
			);
			runOnlyForDeploymentPostprocessing = 0;
		};
/* End PBXResourcesBuildPhase section */

/* Begin PBXSourcesBuildPhase section */
		102A87601A1BEE5E00AD3D17 /* Sources */ = {
			isa = PBXSourcesBuildPhase;
			buildActionMask = 2147483647;
			files = (
				102A876C1A1BEE5E00AD3D17 /* ViewController.swift in Sources */,
				102A876A1A1BEE5E00AD3D17 /* AppDelegate.swift in Sources */,
			);
			runOnlyForDeploymentPostprocessing = 0;
		};
		102A87751A1BEE5E00AD3D17 /* Sources */ = {
			isa = PBXSourcesBuildPhase;
			buildActionMask = 2147483647;
			files = (
				102A87801A1BEE5E00AD3D17 /* HelloWorldiPhoneTests.swift in Sources */,
			);
			runOnlyForDeploymentPostprocessing = 0;
		};
/* End PBXSourcesBuildPhase section */

/* Begin PBXTargetDependency section */
		102A877B1A1BEE5E00AD3D17 /* PBXTargetDependency */ = {
			isa = PBXTargetDependency;
			target = 102A87631A1BEE5E00AD3D17 /* HelloWorldiPhone */;
			targetProxy = 102A877A1A1BEE5E00AD3D17 /* PBXContainerItemProxy */;
		};
/* End PBXTargetDependency section */

/* Begin PBXVariantGroup section */
		102A876D1A1BEE5E00AD3D17 /* Main.storyboard */ = {
			isa = PBXVariantGroup;
			children = (
				102A876E1A1BEE5E00AD3D17 /* Base */,
			);
			name = Main.storyboard;
			sourceTree = "<group>";
		};
		102A87721A1BEE5E00AD3D17 /* LaunchScreen.xib */ = {
			isa = PBXVariantGroup;
			children = (
				102A87731A1BEE5E00AD3D17 /* Base */,
			);
			name = LaunchScreen.xib;
			sourceTree = "<group>";
		};
/* End PBXVariantGroup section */

/* Begin XCBuildConfiguration section */
		102A87811A1BEE5E00AD3D17 /* Debug */ = {
			isa = XCBuildConfiguration;
			buildSettings = {
				ALWAYS_SEARCH_USER_PATHS = NO;
				CLANG_CXX_LANGUAGE_STANDARD = "gnu++0x";
				CLANG_CXX_LIBRARY = "libc++";
				CLANG_ENABLE_MODULES = YES;
				CLANG_ENABLE_OBJC_ARC = YES;
				CLANG_WARN_BOOL_CONVERSION = YES;
				CLANG_WARN_CONSTANT_CONVERSION = YES;
				CLANG_WARN_DIRECT_OBJC_ISA_USAGE = YES_ERROR;
				CLANG_WARN_EMPTY_BODY = YES;
				CLANG_WARN_ENUM_CONVERSION = YES;
				CLANG_WARN_INT_CONVERSION = YES;
				CLANG_WARN_OBJC_ROOT_CLASS = YES_ERROR;
				CLANG_WARN_UNREACHABLE_CODE = YES;
				CLANG_WARN__DUPLICATE_METHOD_MATCH = YES;
				"CODE_SIGN_IDENTITY[sdk=iphoneos*]" = "iPhone Developer";
				COPY_PHASE_STRIP = NO;
				ENABLE_STRICT_OBJC_MSGSEND = YES;
				GCC_C_LANGUAGE_STANDARD = gnu99;
				GCC_DYNAMIC_NO_PIC = NO;
				GCC_OPTIMIZATION_LEVEL = 0;
				GCC_PREPROCESSOR_DEFINITIONS = (
					"DEBUG=1",
					"$(inherited)",
				);
				GCC_SYMBOLS_PRIVATE_EXTERN = NO;
				GCC_WARN_64_TO_32_BIT_CONVERSION = YES;
				GCC_WARN_ABOUT_RETURN_TYPE = YES_ERROR;
				GCC_WARN_UNDECLARED_SELECTOR = YES;
				GCC_WARN_UNINITIALIZED_AUTOS = YES_AGGRESSIVE;
				GCC_WARN_UNUSED_FUNCTION = YES;
				GCC_WARN_UNUSED_VARIABLE = YES;
				IPHONEOS_DEPLOYMENT_TARGET = 8.1;
				MTL_ENABLE_DEBUG_INFO = YES;
				ONLY_ACTIVE_ARCH = YES;
				SDKROOT = iphoneos;
				SWIFT_OPTIMIZATION_LEVEL = "-Onone";
			};
			name = Debug;
		};
		102A87821A1BEE5E00AD3D17 /* Release */ = {
			isa = XCBuildConfiguration;
			buildSettings = {
				ALWAYS_SEARCH_USER_PATHS = NO;
				CLANG_CXX_LANGUAGE_STANDARD = "gnu++0x";
				CLANG_CXX_LIBRARY = "libc++";
				CLANG_ENABLE_MODULES = YES;
				CLANG_ENABLE_OBJC_ARC = YES;
				CLANG_WARN_BOOL_CONVERSION = YES;
				CLANG_WARN_CONSTANT_CONVERSION = YES;
				CLANG_WARN_DIRECT_OBJC_ISA_USAGE = YES_ERROR;
				CLANG_WARN_EMPTY_BODY = YES;
				CLANG_WARN_ENUM_CONVERSION = YES;
				CLANG_WARN_INT_CONVERSION = YES;
				CLANG_WARN_OBJC_ROOT_CLASS = YES_ERROR;
				CLANG_WARN_UNREACHABLE_CODE = YES;
				CLANG_WARN__DUPLICATE_METHOD_MATCH = YES;
				"CODE_SIGN_IDENTITY[sdk=iphoneos*]" = "iPhone Developer";
				COPY_PHASE_STRIP = YES;
				ENABLE_NS_ASSERTIONS = NO;
				ENABLE_STRICT_OBJC_MSGSEND = YES;
				GCC_C_LANGUAGE_STANDARD = gnu99;
				GCC_WARN_64_TO_32_BIT_CONVERSION = YES;
				GCC_WARN_ABOUT_RETURN_TYPE = YES_ERROR;
				GCC_WARN_UNDECLARED_SELECTOR = YES;
				GCC_WARN_UNINITIALIZED_AUTOS = YES_AGGRESSIVE;
				GCC_WARN_UNUSED_FUNCTION = YES;
				GCC_WARN_UNUSED_VARIABLE = YES;
				IPHONEOS_DEPLOYMENT_TARGET = 8.1;
				MTL_ENABLE_DEBUG_INFO = NO;
				SDKROOT = iphoneos;
				VALIDATE_PRODUCT = YES;
			};
			name = Release;
		};
		102A87841A1BEE5E00AD3D17 /* Debug */ = {
			isa = XCBuildConfiguration;
			buildSettings = {
				ASSETCATALOG_COMPILER_APPICON_NAME = AppIcon;
				INFOPLIST_FILE = HelloWorldiPhone/Info.plist;
				LD_RUNPATH_SEARCH_PATHS = "$(inherited) @executable_path/Frameworks";
				PRODUCT_NAME = "$(TARGET_NAME)";
			};
			name = Debug;
		};
		102A87851A1BEE5E00AD3D17 /* Release */ = {
			isa = XCBuildConfiguration;
			buildSettings = {
				ASSETCATALOG_COMPILER_APPICON_NAME = AppIcon;
				INFOPLIST_FILE = HelloWorldiPhone/Info.plist;
				LD_RUNPATH_SEARCH_PATHS = "$(inherited) @executable_path/Frameworks";
				PRODUCT_NAME = "$(TARGET_NAME)";
			};
			name = Release;
		};
		102A87871A1BEE5E00AD3D17 /* Debug */ = {
			isa = XCBuildConfiguration;
			buildSettings = {
				BUNDLE_LOADER = "$(TEST_HOST)";
				FRAMEWORK_SEARCH_PATHS = (
					"$(SDKROOT)/Developer/Library/Frameworks",
					"$(inherited)",
				);
				GCC_PREPROCESSOR_DEFINITIONS = (
					"DEBUG=1",
					"$(inherited)",
				);
				INFOPLIST_FILE = HelloWorldiPhoneTests/Info.plist;
				LD_RUNPATH_SEARCH_PATHS = "$(inherited) @executable_path/Frameworks @loader_path/Frameworks";
				PRODUCT_NAME = "$(TARGET_NAME)";
				TEST_HOST = "$(BUILT_PRODUCTS_DIR)/HelloWorldiPhone.app/HelloWorldiPhone";
			};
			name = Debug;
		};
		102A87881A1BEE5E00AD3D17 /* Release */ = {
			isa = XCBuildConfiguration;
			buildSettings = {
				BUNDLE_LOADER = "$(TEST_HOST)";
				FRAMEWORK_SEARCH_PATHS = (
					"$(SDKROOT)/Developer/Library/Frameworks",
					"$(inherited)",
				);
				INFOPLIST_FILE = HelloWorldiPhoneTests/Info.plist;
				LD_RUNPATH_SEARCH_PATHS = "$(inherited) @executable_path/Frameworks @loader_path/Frameworks";
				PRODUCT_NAME = "$(TARGET_NAME)";
				TEST_HOST = "$(BUILT_PRODUCTS_DIR)/HelloWorldiPhone.app/HelloWorldiPhone";
			};
			name = Release;
		};
/* End XCBuildConfiguration section */

/* Begin XCConfigurationList section */
		102A875F1A1BEE5E00AD3D17 /* Build configuration list for PBXProject "HelloWorldiPhone" */ = {
			isa = XCConfigurationList;
			buildConfigurations = (
				102A87811A1BEE5E00AD3D17 /* Debug */,
				102A87821A1BEE5E00AD3D17 /* Release */,
			);
			defaultConfigurationIsVisible = 0;
			defaultConfigurationName = Release;
		};
		102A87831A1BEE5E00AD3D17 /* Build configuration list for PBXNativeTarget "HelloWorldiPhone" */ = {
			isa = XCConfigurationList;
			buildConfigurations = (
				102A87841A1BEE5E00AD3D17 /* Debug */,
				102A87851A1BEE5E00AD3D17 /* Release */,
			);
			defaultConfigurationIsVisible = 0;
		};
		102A87861A1BEE5E00AD3D17 /* Build configuration list for PBXNativeTarget "HelloWorldiPhoneTests" */ = {
			isa = XCConfigurationList;
			buildConfigurations = (
				102A87871A1BEE5E00AD3D17 /* Debug */,
				102A87881A1BEE5E00AD3D17 /* Release */,
			);
			defaultConfigurationIsVisible = 0;
		};
/* End XCConfigurationList section */
	};
	rootObject = 102A875C1A1BEE5E00AD3D17 /* Project object */;
}
